
Microsoft Visual Studio Solution File, Format Version 12.00
# Visual Studio Version 16
VisualStudioVersion = 16.0.29403.142
MinimumVisualStudioVersion = 10.0.40219.1
Project("{9A19103F-16F7-4668-BE54-9A1E7A4F7556}") = "TioRACLab.DosBox", "TioRACLab.DosBox\TioRACLab.DosBox.csproj", "{A0D49125-30C1-4F35-8AA7-E664B8ADC347}"
EndProject
Project("{9A19103F-16F7-4668-BE54-9A1E7A4F7556}") = "TioRACLab.DosBoxTest", "TioRACLab.DosBoxTest\TioRACLab.DosBoxTest.csproj", "{AF9A78BC-F42D-4082-B19A-167A9EC6EC59}"
EndProject
Global
	GlobalSection(SolutionConfigurationPlatforms) = preSolution
		Debug|Any CPU = Debug|Any CPU
		Release|Any CPU = Release|Any CPU
	EndGlobalSection
	GlobalSection(ProjectConfigurationPlatforms) = postSolution
		{A0D49125-30C1-4F35-8AA7-E664B8ADC347}.Debug|Any CPU.ActiveCfg = Debug|Any CPU
		{A0D49125-30C1-4F35-8AA7-E664B8ADC347}.Debug|Any CPU.Build.0 = Debug|Any CPU
		{A0D49125-30C1-4F35-8AA7-E664B8ADC347}.Release|Any CPU.ActiveCfg = Release|Any CPU
		{A0D49125-30C1-4F35-8AA7-E664B8ADC347}.Release|Any CPU.Build.0 = Release|Any CPU
		{AF9A78BC-F42D-4082-B19A-167A9EC6EC59}.Debug|Any CPU.ActiveCfg = Debug|Any CPU
		{AF9A78BC-F42D-4082-B19A-167A9EC6EC59}.Debug|Any CPU.Build.0 = Debug|Any CPU
		{AF9A78BC-F42D-4082-B19A-167A9EC6EC59}.Release|Any CPU.ActiveCfg = Release|Any CPU
		{AF9A78BC-F42D-4082-B19A-167A9EC6EC59}.Release|Any CPU.Build.0 = Release|Any CPU
	EndGlobalSection
	GlobalSection(SolutionProperties) = preSolution
		HideSolutionNode = FALSE
	EndGlobalSection
	GlobalSection(ExtensibilityGlobals) = postSolution
		SolutionGuid = {F18EAD54-5B37-4E7B-A23C-58C4B2F5F035}
	EndGlobalSection
EndGlobal
